
Microsoft Visual Studio Solution File, Format Version 12.00
Project("{FAE04EC0-301F-11D3-BF4B-00C04F79EFBC}") = "NetCore5ReactTemplate", "NetCore5ReactTemplate\NetCore5ReactTemplate.csproj", "{1A613353-7B8E-40FD-8581-262FB4C0EBD5}"
EndProject
Global
	GlobalSection(SolutionConfigurationPlatforms) = preSolution
		Debug|Any CPU = Debug|Any CPU
		Release|Any CPU = Release|Any CPU
	EndGlobalSection
	GlobalSection(ProjectConfigurationPlatforms) = postSolution
		{1A613353-7B8E-40FD-8581-262FB4C0EBD5}.Debug|Any CPU.ActiveCfg = Debug|Any CPU
		{1A613353-7B8E-40FD-8581-262FB4C0EBD5}.Debug|Any CPU.Build.0 = Debug|Any CPU
		{1A613353-7B8E-40FD-8581-262FB4C0EBD5}.Release|Any CPU.ActiveCfg = Release|Any CPU
		{1A613353-7B8E-40FD-8581-262FB4C0EBD5}.Release|Any CPU.Build.0 = Release|Any CPU
	EndGlobalSection
EndGlobal
